{
  "version": "5",
  "specifiers": {
    "npm:@pdf-lib/fontkit@1.1.1": "1.1.1",
    "npm:@supabase/supabase-js@2.115.0": "2.115.0",
    "npm:@types/qrcode@1.5.6": "1.5.6",
    "npm:pdf-lib@1.17.1": "1.17.1"
  },
  "npm": {
    "@pdf-lib/fontkit@1.1.1": {
      "integrity": "sha512-KjMd7grNapIWS/Dm0gvfHEilSyAmeLvrEGVcqLGi0VYebuqqzTbgF29efCx7tvx+IEbG3zQciRSWl3GkUSvjZg==",
      "dependencies": [
        "pako"
      ]
    },
    "@pdf-lib/standard-fonts@1.0.0": {
      "integrity": "sha512-hU30BK9IUN/su0Mn9VdlVKsWBS6GyhVfqjwl1FjZN4TxP6cCw0jP2w7V3Hf5uX7M0AZJ16vey9yE0ny7Sa59ZA==",
      "dependencies": [
        "pako"
      ]
    },
    "@pdf-lib/upng@1.0.1": {
      "integrity": "sha512-dQK2FUMQtowVP00mtIksrlZhdFXQZPC+taih1q4CvPZ5vqdxR/LKBaFg0oAfzd1GlHZXXSPdQfzQnt+ViGvEIQ==",
      "dependencies": [
        "pako"
      ]
    },
    "@supabase/auth-js@2.115.0": {
      "integrity": "sha512-YNQlQWm1H0gsXHSY8Jd/xepBhjO0Zhwx04iW17A83/joQ5kFiUin6iPj9s9kZZvupnwLjXVP/diTFiLz2jUbwQ==",
      "dependencies": [
        "tslib@2.8.1"
      ]
    },
    "@supabase/functions-js@2.115.0": {
      "integrity": "sha512-p97V6/YFcdp+zblFDVJaE8f9rGKTNz0PRzyJ2d1w/EYIU5lwidKuc3l/wM+u27ACmAC62albvoGiUGzLPSg7Aw==",
      "dependencies": [
        "tslib@2.8.1"
      ]
    },
    "@supabase/phoenix@0.4.5": {
      "integrity": "sha512-aAn9H9ovVyeApKy11OWOrrOGq8DV68yWeH4ud2lN9fzn4aO8Zb5GLL9m1pUg9nLqIcT+ZDfAcsZe0E/nqdv2lw=="
    },
    "@supabase/postgrest-js@2.115.0": {
      "integrity": "sha512-DdERcurLh5t84pgSywDg2LjLR5le7XAzl52/iQhC7FdboWDqGfDPMfaWJV3MHvhyxSlSNzbpSQG+RiQOBSn/4w==",
      "dependencies": [
        "tslib@2.8.1"
      ]
    },
    "@supabase/realtime-js@2.115.0": {
      "integrity": "sha512-5HyBkvlA/IUV2v8jX3uLTdy15jmTPRVXwXKoxvH2SKw5jZMNURxCxt+VpCEukscXQlY7pUpH8Cy4NH6io4iaRw==",
      "dependencies": [
        "@supabase/phoenix",
        "tslib@2.8.1"
      ]
    },
    "@supabase/storage-js@2.115.0": {
      "integrity": "sha512-dLyIxzbO+MCcKHhcce8rVUCQX1iyqXqQ8ytgkOVYJ7D+Zp0qKylPtQH3hamgxrGSxtDjaw47Urpzw2iK9PsKdA==",
      "dependencies": [
        "iceberg-js",
        "tslib@2.8.1"
      ]
    },
    "@supabase/supabase-js@2.115.0": {
      "integrity": "sha512-PYJSxtCo37R7tTZW6pAqsxUeSx/dlhA7zn8RzKEUSCqyTxCUhG+iHrDTb04UyVBYbttaUbhwkNTvb8h5HW+uZA==",
      "dependencies": [
        "@supabase/auth-js",
        "@supabase/functions-js",
        "@supabase/postgrest-js",
        "@supabase/realtime-js",
        "@supabase/storage-js"
      ]
    },
    "@types/node@22.15.15": {
      "integrity": "sha512-R5muMcZob3/Jjchn5LcO8jdKwSCbzqmPB6ruBxMcf9kbxtniZHP327s6C37iOfuw8mbKK3cAQa7sEl7afLrQ8A==",
      "dependencies": [
        "undici-types"
      ]
    },
    "@types/qrcode@1.5.6": {
      "integrity": "sha512-te7NQcV2BOvdj2b1hCAHzAoMNuj65kNBMz0KBaxM6c3VGBOhU0dURQKOtH8CFNI/dsKkwlv32p26qYQTWoB5bw==",
      "dependencies": [
        "@types/node"
      ]
    },
    "iceberg-js@0.8.1": {
      "integrity": "sha512-1dhVQZXhcHje7798IVM+xoo/1ZdVfzOMIc8/rgVSijRK38EDqOJoGula9N/8ZI5RD8QTxNQtK/Gozpr+qUqRRA=="
    },
    "pako@1.0.11": {
      "integrity": "sha512-4hLB8Py4zZce5s4yd9XzopqwVv/yGNhV1Bl8NTmCq1763HeK2+EwVTv+leGeL13Dnh2wfbqowVPXCIO0z4taYw=="
    },
    "pdf-lib@1.17.1": {
      "integrity": "sha512-V/mpyJAoTsN4cnP31vc0wfNA1+p20evqqnap0KLoRUN0Yk/p3wN52DOEsL4oBFcLdb76hlpKPtzJIgo67j/XLw==",
      "dependencies": [
        "@pdf-lib/standard-fonts",
        "@pdf-lib/upng",
        "pako",
        "tslib@1.14.1"
      ]
    },
    "tslib@1.14.1": {
      "integrity": "sha512-Xni35NKzjgMrwevysHTCArtLDpPvye8zV/0E4EyYn43P7/7qvQwPh9BGkHewbMulVntbigmcT7rdX3BNo9wRJg=="
    },
    "tslib@2.8.1": {
      "integrity": "sha512-oJFu94HQb+KVduSUQL7wnpmqnfmLsOA/nAh6b6EH0wCEoK0/mPeXU6c3wKDV83MkOuHPRHtSXKKU99IBazS/2w=="
    },
    "undici-types@6.21.0": {
      "integrity": "sha512-iwDZqg0QAGrg9Rav5H4n0M64c3mkR59cJ6wQp+7C4nI0gsmExaedaYLNO44eT4AtBBwjbTiGPMlt2Md0T9H9JQ=="
    }
  },
  "remote": {
    "https://esm.sh/@supabase/supabase-js@2.115.0": "f4e488ef8059a64be766b58feb4d6a18aa812038fdcf9c7c916efbdf26ab9585"
  },
  "workspace": {
    "dependencies": [
      "npm:@pdf-lib/fontkit@1.1.1",
      "npm:@supabase/supabase-js@2.115.0",
      "npm:pdf-lib@1.17.1",
      "npm:qrcode@1.5.4",
      "npm:regenerator-runtime@0.14.1"
    ]
  }
}
